
Microsoft Visual Studio Solution File, Format Version 12.00
# Visual Studio 15
VisualStudioVersion = 15.0.27004.2009
MinimumVisualStudioVersion = 10.0.40219.1
Project("{FAE04EC0-301F-11D3-BF4B-00C04F79EFBC}") = "AlphaTank.Program", "AlphaTank.Program\AlphaTank.Program.csproj", "{562D9C83-F5F9-44D0-85FA-59115D349666}"
EndProject
Global
	GlobalSection(SolutionConfigurationPlatforms) = preSolution
		Debug|Any CPU = Debug|Any CPU
		Release|Any CPU = Release|Any CPU
	EndGlobalSection
	GlobalSection(ProjectConfigurationPlatforms) = postSolution
		{562D9C83-F5F9-44D0-85FA-59115D349666}.Debug|Any CPU.ActiveCfg = Debug|Any CPU
		{562D9C83-F5F9-44D0-85FA-59115D349666}.Debug|Any CPU.Build.0 = Debug|Any CPU
		{562D9C83-F5F9-44D0-85FA-59115D349666}.Release|Any CPU.ActiveCfg = Release|Any CPU
		{562D9C83-F5F9-44D0-85FA-59115D349666}.Release|Any CPU.Build.0 = Release|Any CPU
	EndGlobalSection
	GlobalSection(SolutionProperties) = preSolution
		HideSolutionNode = FALSE
	EndGlobalSection
	GlobalSection(ExtensibilityGlobals) = postSolution
		SolutionGuid = {DF1D485B-5BC2-4399-B58F-A396D2F7E356}
	EndGlobalSection
EndGlobal
